
Microsoft Visual Studio Solution File, Format Version 12.00
# Visual Studio Version 17
VisualStudioVersion = 17.9.34728.123
MinimumVisualStudioVersion = 10.0.40219.1
Project("{8BC9CEB8-8B4A-11D0-8D11-00A0C91BC942}") = "HierarchyListOfHeaderTags", "HierarchyListOfHeaderTags\HierarchyListOfHeaderTags.vcxproj", "{0B47EB24-7624-4926-BD1C-10EF8FF78784}"
EndProject
Global
	GlobalSection(SolutionConfigurationPlatforms) = preSolution
		Debug|x64 = Debug|x64
		Release|x64 = Release|x64
	EndGlobalSection
	GlobalSection(ProjectConfigurationPlatforms) = postSolution
		{0B47EB24-7624-4926-BD1C-10EF8FF78784}.Debug|x64.ActiveCfg = Debug|x64
		{0B47EB24-7624-4926-BD1C-10EF8FF78784}.Debug|x64.Build.0 = Debug|x64
		{0B47EB24-7624-4926-BD1C-10EF8FF78784}.Release|x64.ActiveCfg = Release|x64
		{0B47EB24-7624-4926-BD1C-10EF8FF78784}.Release|x64.Build.0 = Release|x64
	EndGlobalSection
	GlobalSection(SolutionProperties) = preSolution
		HideSolutionNode = FALSE
	EndGlobalSection
	GlobalSection(ExtensibilityGlobals) = postSolution
		SolutionGuid = {800A89E3-BDFD-4E1A-96B2-06F674B00306}
	EndGlobalSection
EndGlobal
